// !$*UTF8*$!
{
	archiveVersion = 1;
	classes = {
	};
	objectVersion = 46;
	objects = {

/* Begin PBXBuildFile section */
		5A0B1CE61ED6A76A00179C8C /* main.m in Sources */ = {isa = PBXBuildFile; fileRef = 5A0B1CE51ED6A76A00179C8C /* main.m */; };
		5A0B1CE91ED6A76A00179C8C /* AppDelegate.m in Sources */ = {isa = PBXBuildFile; fileRef = 5A0B1CE81ED6A76A00179C8C /* AppDelegate.m */; };
		5A0B1CF11ED6A76A00179C8C /* Assets.xcassets in Resources */ = {isa = PBXBuildFile; fileRef = 5A0B1CF01ED6A76A00179C8C /* Assets.xcassets */; };
		5A0B1CF41ED6A76A00179C8C /* LaunchScreen.storyboard in Resources */ = {isa = PBXBuildFile; fileRef = 5A0B1CF21ED6A76A00179C8C /* LaunchScreen.storyboard */; };
		5A0B1D0E1ED6BC5500179C8C /* TabBarController.m in Sources */ = {isa = PBXBuildFile; fileRef = 5A0B1D0D1ED6BC5500179C8C /* TabBarController.m */; };
		5A0B1D111ED6BE8100179C8C /* NavigationController.m in Sources */ = {isa = PBXBuildFile; fileRef = 5A0B1D101ED6BE8100179C8C /* NavigationController.m */; };
		5A0B1D171ED6C37800179C8C /* HomeController.m in Sources */ = {isa = PBXBuildFile; fileRef = 5A0B1D161ED6C37800179C8C /* HomeController.m */; };
		5A0B1D1A1ED6DFF000179C8C /* MineController.m in Sources */ = {isa = PBXBuildFile; fileRef = 5A0B1D191ED6DFF000179C8C /* MineController.m */; };
		5A0B1D1E1ED6E47F00179C8C /* MineHeaderView.m in Sources */ = {isa = PBXBuildFile; fileRef = 5A0B1D1D1ED6E47F00179C8C /* MineHeaderView.m */; };
		5A0B1D251ED80AB100179C8C /* SettingController.m in Sources */ = {isa = PBXBuildFile; fileRef = 5A0B1D241ED80AB100179C8C /* SettingController.m */; };
		5A0B1D281ED8395800179C8C /* BusinessController.m in Sources */ = {isa = PBXBuildFile; fileRef = 5A0B1D271ED8395800179C8C /* BusinessController.m */; };
		5A0B1D2B1ED9267F00179C8C /* BusinessCollectionView.m in Sources */ = {isa = PBXBuildFile; fileRef = 5A0B1D2A1ED9267F00179C8C /* BusinessCollectionView.m */; };
		5A0B1D2E1ED929AC00179C8C /* BusinessFlowLayout.m in Sources */ = {isa = PBXBuildFile; fileRef = 5A0B1D2D1ED929AC00179C8C /* BusinessFlowLayout.m */; };
		5A0B1D311ED92BB700179C8C /* BusinessCell.m in Sources */ = {isa = PBXBuildFile; fileRef = 5A0B1D301ED92BB700179C8C /* BusinessCell.m */; };
		5A0B1D341ED94CD900179C8C /* HomeView.m in Sources */ = {isa = PBXBuildFile; fileRef = 5A0B1D331ED94CD900179C8C /* HomeView.m */; };
		5A0B1D371ED94E0E00179C8C /* HomeCell.m in Sources */ = {isa = PBXBuildFile; fileRef = 5A0B1D361ED94E0E00179C8C /* HomeCell.m */; };
		5A0B1D3A1ED9526000179C8C /* HomeHeaderView.m in Sources */ = {isa = PBXBuildFile; fileRef = 5A0B1D391ED9526000179C8C /* HomeHeaderView.m */; };
		5A0B1D411ED95AFB00179C8C /* SuggestionController.m in Sources */ = {isa = PBXBuildFile; fileRef = 5A0B1D401ED95AFB00179C8C /* SuggestionController.m */; };
		5A0B1D471ED95F7E00179C8C /* ScrollToSwitchView.m in Sources */ = {isa = PBXBuildFile; fileRef = 5A0B1D461ED95F7E00179C8C /* ScrollToSwitchView.m */; };
		5AEADE9A1EDE4FC3004EB475 /* ScrollToView.m in Sources */ = {isa = PBXBuildFile; fileRef = 5AEADE991EDE4FC3004EB475 /* ScrollToView.m */; };
		5AEADEA11EDE7040004EB475 /* ToGuaranteeController.m in Sources */ = {isa = PBXBuildFile; fileRef = 5AEADEA01EDE7040004EB475 /* ToGuaranteeController.m */; };
		5AEADEA41EDE73C6004EB475 /* WriteGuaranteeView.m in Sources */ = {isa = PBXBuildFile; fileRef = 5AEADEA31EDE73C6004EB475 /* WriteGuaranteeView.m */; };
		5AEADEA71EDE8FDD004EB475 /* GuaranteeModel.m in Sources */ = {isa = PBXBuildFile; fileRef = 5AEADEA61EDE8FDD004EB475 /* GuaranteeModel.m */; };
		5AEADEAD1EDE97B6004EB475 /* WriteGuaranteeFooterView.m in Sources */ = {isa = PBXBuildFile; fileRef = 5AEADEAC1EDE97B6004EB475 /* WriteGuaranteeFooterView.m */; };
		5AEADEB01EDE9C5E004EB475 /* DemandGuaranteeView.m in Sources */ = {isa = PBXBuildFile; fileRef = 5AEADEAF1EDE9C5E004EB475 /* DemandGuaranteeView.m */; };
		5AEADEBB1EDEAEE3004EB475 /* GuaranteeDetailsController.m in Sources */ = {isa = PBXBuildFile; fileRef = 5AEADEBA1EDEAEE3004EB475 /* GuaranteeDetailsController.m */; };
		5AEADEBE1EDEAF38004EB475 /* GuaranteeDetailsView.m in Sources */ = {isa = PBXBuildFile; fileRef = 5AEADEBD1EDEAF38004EB475 /* GuaranteeDetailsView.m */; };
		5AEADEC11EDEB340004EB475 /* DemandHeaderView.m in Sources */ = {isa = PBXBuildFile; fileRef = 5AEADEC01EDEB340004EB475 /* DemandHeaderView.m */; };
		5AEADEC41EDEB7BF004EB475 /* GuaranteeDetailsHeaderView.m in Sources */ = {isa = PBXBuildFile; fileRef = 5AEADEC31EDEB7BF004EB475 /* GuaranteeDetailsHeaderView.m */; };
		5AEADECF1EDEC84B004EB475 /* GuaranteeEstimateController.m in Sources */ = {isa = PBXBuildFile; fileRef = 5AEADECE1EDEC84B004EB475 /* GuaranteeEstimateController.m */; };
		5AEADEF81EDFBD7C004EB475 /* UITextView+Placeholder.m in Sources */ = {isa = PBXBuildFile; fileRef = 5AEADEF71EDFBD7C004EB475 /* UITextView+Placeholder.m */; };
		5AEADEFB1EDFC15A004EB475 /* UIColor+Extension.m in Sources */ = {isa = PBXBuildFile; fileRef = 5AEADEFA1EDFC15A004EB475 /* UIColor+Extension.m */; };
		5AEADEFE1EDFD67F004EB475 /* Calculate.m in Sources */ = {isa = PBXBuildFile; fileRef = 5AEADEFD1EDFD67F004EB475 /* Calculate.m */; };
		5AEADF081EDFEBEE004EB475 /* SurroundingController.m in Sources */ = {isa = PBXBuildFile; fileRef = 5AEADF071EDFEBEE004EB475 /* SurroundingController.m */; };
		5AEADF0B1EE28E21004EB475 /* UIImage+Extension.m in Sources */ = {isa = PBXBuildFile; fileRef = 5AEADF0A1EE28E21004EB475 /* UIImage+Extension.m */; };
		5AEADF0E1EE2A098004EB475 /* HomeModel.m in Sources */ = {isa = PBXBuildFile; fileRef = 5AEADF0D1EE2A098004EB475 /* HomeModel.m */; };
		5AEADF111EE2A2CA004EB475 /* HomeBaseModel.m in Sources */ = {isa = PBXBuildFile; fileRef = 5AEADF101EE2A2CA004EB475 /* HomeBaseModel.m */; };
		5AEADF291EE4E71D004EB475 /* HandleController.m in Sources */ = {isa = PBXBuildFile; fileRef = 5AEADF281EE4E71D004EB475 /* HandleController.m */; };
		5AEADF2C1EE4E8B8004EB475 /* HandleCell.m in Sources */ = {isa = PBXBuildFile; fileRef = 5AEADF2B1EE4E8B8004EB475 /* HandleCell.m */; };
		5AEADF2F1EE52173004EB475 /* OrderDetailsController.m in Sources */ = {isa = PBXBuildFile; fileRef = 5AEADF2E1EE52173004EB475 /* OrderDetailsController.m */; };
		5AEADF321EE523A1004EB475 /* DetailsView.m in Sources */ = {isa = PBXBuildFile; fileRef = 5AEADF311EE523A1004EB475 /* DetailsView.m */; };
		5AEADF351EE5253A004EB475 /* AssignedPersonnelView.m in Sources */ = {isa = PBXBuildFile; fileRef = 5AEADF341EE5253A004EB475 /* AssignedPersonnelView.m */; };
		5AEADF381EE5361A004EB475 /* DispatchPersonnelController.m in Sources */ = {isa = PBXBuildFile; fileRef = 5AEADF371EE5361A004EB475 /* DispatchPersonnelController.m */; };
		5AEADF3D1EE54D1A004EB475 /* EstimateView.m in Sources */ = {isa = PBXBuildFile; fileRef = 5AEADF3C1EE54D1A004EB475 /* EstimateView.m */; };
		5AEADF421EE54D49004EB475 /* CJTStarView.m in Sources */ = {isa = PBXBuildFile; fileRef = 5AEADF3F1EE54D49004EB475 /* CJTStarView.m */; };
		5AEADF431EE54D49004EB475 /* CJTStarView2.m in Sources */ = {isa = PBXBuildFile; fileRef = 5AEADF411EE54D49004EB475 /* CJTStarView2.m */; };
		5AEADF471EE54F5B004EB475 /* star--full.png in Resources */ = {isa = PBXBuildFile; fileRef = 5AEADF441EE54F5B004EB475 /* star--full.png */; };
		5AEADF481EE54F5B004EB475 /* star-empty.png in Resources */ = {isa = PBXBuildFile; fileRef = 5AEADF451EE54F5B004EB475 /* star-empty.png */; };
		5AEADF491EE54F5B004EB475 /* star-half.png in Resources */ = {isa = PBXBuildFile; fileRef = 5AEADF461EE54F5B004EB475 /* star-half.png */; };
		5AEADF531EE56194004EB475 /* OptionsView.m in Sources */ = {isa = PBXBuildFile; fileRef = 5AEADF521EE56194004EB475 /* OptionsView.m */; };
		5AEADF5A1EE63A49004EB475 /* LeaseController.m in Sources */ = {isa = PBXBuildFile; fileRef = 5AEADF591EE63A49004EB475 /* LeaseController.m */; };
		5AEADF5D1EE64199004EB475 /* SearchBar.m in Sources */ = {isa = PBXBuildFile; fileRef = 5AEADF5C1EE64199004EB475 /* SearchBar.m */; };
		5AEADF601EE65DDF004EB475 /* LeaseView.m in Sources */ = {isa = PBXBuildFile; fileRef = 5AEADF5F1EE65DDF004EB475 /* LeaseView.m */; };
		5AEADF631EE67456004EB475 /* LeaseDetailsController.m in Sources */ = {isa = PBXBuildFile; fileRef = 5AEADF621EE67456004EB475 /* LeaseDetailsController.m */; };
		5AEADF661EE67E89004EB475 /* LeaseDetailsView.m in Sources */ = {isa = PBXBuildFile; fileRef = 5AEADF651EE67E89004EB475 /* LeaseDetailsView.m */; };
		5AEADF691EE684C6004EB475 /* NSDate+Extension.m in Sources */ = {isa = PBXBuildFile; fileRef = 5AEADF681EE684C6004EB475 /* NSDate+Extension.m */; };
		5AEADF6E1EE69229004EB475 /* BLDatePickerView.m in Sources */ = {isa = PBXBuildFile; fileRef = 5AEADF6D1EE69229004EB475 /* BLDatePickerView.m */; };
		5AEADF711EE69937004EB475 /* TimeCollectionView.m in Sources */ = {isa = PBXBuildFile; fileRef = 5AEADF701EE69937004EB475 /* TimeCollectionView.m */; };
		5AEADF781EE789BF004EB475 /* LoginController.m in Sources */ = {isa = PBXBuildFile; fileRef = 5AEADF771EE789BF004EB475 /* LoginController.m */; };
		5AEADF7F1EE7DEE4004EB475 /* MessageController.m in Sources */ = {isa = PBXBuildFile; fileRef = 5AEADF7E1EE7DEE4004EB475 /* MessageController.m */; };
		5AEADF821EE7F605004EB475 /* MessageCell.m in Sources */ = {isa = PBXBuildFile; fileRef = 5AEADF811EE7F605004EB475 /* MessageCell.m */; };
		5AEADF851EE7FDFA004EB475 /* MessageHeaderView.m in Sources */ = {isa = PBXBuildFile; fileRef = 5AEADF841EE7FDFA004EB475 /* MessageHeaderView.m */; };
		5AEADFB61EEA9B70004EB475 /* WebViewController.m in Sources */ = {isa = PBXBuildFile; fileRef = 5AEADFB51EEA9B70004EB475 /* WebViewController.m */; };
		5AEADFB91EEB8B9E004EB475 /* LoginRegister.m in Sources */ = {isa = PBXBuildFile; fileRef = 5AEADFB81EEB8B9E004EB475 /* LoginRegister.m */; };
		5AEADFDA1EEE7394004EB475 /* Account.m in Sources */ = {isa = PBXBuildFile; fileRef = 5AEADFD91EEE7394004EB475 /* Account.m */; };
		9F821A8BC81ADE09044ABC37 /* libPods-Yuanqu.a in Frameworks */ = {isa = PBXBuildFile; fileRef = E5E2FFBBE922A97C8DD52947 /* libPods-Yuanqu.a */; };
/* End PBXBuildFile section */

/* Begin PBXFileReference section */
		212B5CD437FD4A9C01410AEF /* Pods-Yuanqu.debug.xcconfig */ = {isa = PBXFileReference; includeInIndex = 1; lastKnownFileType = text.xcconfig; name = "Pods-Yuanqu.debug.xcconfig"; path = "Pods/Target Support Files/Pods-Yuanqu/Pods-Yuanqu.debug.xcconfig"; sourceTree = "<group>"; };
		5A0B1CE11ED6A76A00179C8C /* Yuanqu.app */ = {isa = PBXFileReference; explicitFileType = wrapper.application; includeInIndex = 0; path = Yuanqu.app; sourceTree = BUILT_PRODUCTS_DIR; };
		5A0B1CE51ED6A76A00179C8C /* main.m */ = {isa = PBXFileReference; lastKnownFileType = sourcecode.c.objc; path = main.m; sourceTree = "<group>"; };
		5A0B1CE71ED6A76A00179C8C /* AppDelegate.h */ = {isa = PBXFileReference; lastKnownFileType = sourcecode.c.h; path = AppDelegate.h; sourceTree = "<group>"; };
		5A0B1CE81ED6A76A00179C8C /* AppDelegate.m */ = {isa = PBXFileReference; lastKnownFileType = sourcecode.c.objc; path = AppDelegate.m; sourceTree = "<group>"; };
		5A0B1CF01ED6A76A00179C8C /* Assets.xcassets */ = {isa = PBXFileReference; lastKnownFileType = folder.assetcatalog; path = Assets.xcassets; sourceTree = "<group>"; };
		5A0B1CF31ED6A76A00179C8C /* Base */ = {isa = PBXFileReference; lastKnownFileType = file.storyboard; name = Base; path = Base.lproj/LaunchScreen.storyboard; sourceTree = "<group>"; };
		5A0B1CF51ED6A76A00179C8C /* Info.plist */ = {isa = PBXFileReference; lastKnownFileType = text.plist.xml; path = Info.plist; sourceTree = "<group>"; };
		5A0B1D0B1ED6BA4C00179C8C /* PrefixHeader.pch */ = {isa = PBXFileReference; fileEncoding = 4; lastKnownFileType = sourcecode.c.h; path = PrefixHeader.pch; sourceTree = "<group>"; };
		5A0B1D0C1ED6BC5500179C8C /* TabBarController.h */ = {isa = PBXFileReference; fileEncoding = 4; lastKnownFileType = sourcecode.c.h; path = TabBarController.h; sourceTree = "<group>"; };
		5A0B1D0D1ED6BC5500179C8C /* TabBarController.m */ = {isa = PBXFileReference; fileEncoding = 4; lastKnownFileType = sourcecode.c.objc; path = TabBarController.m; sourceTree = "<group>"; };
		5A0B1D0F1ED6BE8100179C8C /* NavigationController.h */ = {isa = PBXFileReference; fileEncoding = 4; lastKnownFileType = sourcecode.c.h; path = NavigationController.h; sourceTree = "<group>"; };
		5A0B1D101ED6BE8100179C8C /* NavigationController.m */ = {isa = PBXFileReference; fileEncoding = 4; lastKnownFileType = sourcecode.c.objc; path = NavigationController.m; sourceTree = "<group>"; };
		5A0B1D151ED6C37800179C8C /* HomeController.h */ = {isa = PBXFileReference; fileEncoding = 4; lastKnownFileType = sourcecode.c.h; path = HomeController.h; sourceTree = "<group>"; };
		5A0B1D161ED6C37800179C8C /* HomeController.m */ = {isa = PBXFileReference; fileEncoding = 4; lastKnownFileType = sourcecode.c.objc; path = HomeController.m; sourceTree = "<group>"; };
		5A0B1D181ED6DFF000179C8C /* MineController.h */ = {isa = PBXFileReference; fileEncoding = 4; lastKnownFileType = sourcecode.c.h; path = MineController.h; sourceTree = "<group>"; };
		5A0B1D191ED6DFF000179C8C /* MineController.m */ = {isa = PBXFileReference; fileEncoding = 4; lastKnownFileType = sourcecode.c.objc; path = MineController.m; sourceTree = "<group>"; };
		5A0B1D1B1ED6E07A00179C8C /* Define.h */ = {isa = PBXFileReference; fileEncoding = 4; lastKnownFileType = sourcecode.c.h; path = Define.h; sourceTree = "<group>"; };
		5A0B1D1C1ED6E47F00179C8C /* MineHeaderView.h */ = {isa = PBXFileReference; fileEncoding = 4; lastKnownFileType = sourcecode.c.h; path = MineHeaderView.h; sourceTree = "<group>"; };
		5A0B1D1D1ED6E47F00179C8C /* MineHeaderView.m */ = {isa = PBXFileReference; fileEncoding = 4; lastKnownFileType = sourcecode.c.objc; path = MineHeaderView.m; sourceTree = "<group>"; };
		5A0B1D231ED80AB100179C8C /* SettingController.h */ = {isa = PBXFileReference; fileEncoding = 4; lastKnownFileType = sourcecode.c.h; path = SettingController.h; sourceTree = "<group>"; };
		5A0B1D241ED80AB100179C8C /* SettingController.m */ = {isa = PBXFileReference; fileEncoding = 4; lastKnownFileType = sourcecode.c.objc; path = SettingController.m; sourceTree = "<group>"; };
		5A0B1D261ED8395800179C8C /* BusinessController.h */ = {isa = PBXFileReference; fileEncoding = 4; lastKnownFileType = sourcecode.c.h; path = BusinessController.h; sourceTree = "<group>"; };
		5A0B1D271ED8395800179C8C /* BusinessController.m */ = {isa = PBXFileReference; fileEncoding = 4; lastKnownFileType = sourcecode.c.objc; path = BusinessController.m; sourceTree = "<group>"; };
		5A0B1D291ED9267F00179C8C /* BusinessCollectionView.h */ = {isa = PBXFileReference; fileEncoding = 4; lastKnownFileType = sourcecode.c.h; path = BusinessCollectionView.h; sourceTree = "<group>"; };
		5A0B1D2A1ED9267F00179C8C /* BusinessCollectionView.m */ = {isa = PBXFileReference; fileEncoding = 4; lastKnownFileType = sourcecode.c.objc; path = BusinessCollectionView.m; sourceTree = "<group>"; };
		5A0B1D2C1ED929AC00179C8C /* BusinessFlowLayout.h */ = {isa = PBXFileReference; fileEncoding = 4; lastKnownFileType = sourcecode.c.h; path = BusinessFlowLayout.h; sourceTree = "<group>"; };
		5A0B1D2D1ED929AC00179C8C /* BusinessFlowLayout.m */ = {isa = PBXFileReference; fileEncoding = 4; lastKnownFileType = sourcecode.c.objc; path = BusinessFlowLayout.m; sourceTree = "<group>"; };
		5A0B1D2F1ED92BB700179C8C /* BusinessCell.h */ = {isa = PBXFileReference; fileEncoding = 4; lastKnownFileType = sourcecode.c.h; path = BusinessCell.h; sourceTree = "<group>"; };
		5A0B1D301ED92BB700179C8C /* BusinessCell.m */ = {isa = PBXFileReference; fileEncoding = 4; lastKnownFileType = sourcecode.c.objc; path = BusinessCell.m; sourceTree = "<group>"; };
		5A0B1D321ED94CD900179C8C /* HomeView.h */ = {isa = PBXFileReference; fileEncoding = 4; lastKnownFileType = sourcecode.c.h; path = HomeView.h; sourceTree = "<group>"; };
		5A0B1D331ED94CD900179C8C /* HomeView.m */ = {isa = PBXFileReference; fileEncoding = 4; lastKnownFileType = sourcecode.c.objc; path = HomeView.m; sourceTree = "<group>"; };
		5A0B1D351ED94E0D00179C8C /* HomeCell.h */ = {isa = PBXFileReference; fileEncoding = 4; lastKnownFileType = sourcecode.c.h; path = HomeCell.h; sourceTree = "<group>"; };
		5A0B1D361ED94E0E00179C8C /* HomeCell.m */ = {isa = PBXFileReference; fileEncoding = 4; lastKnownFileType = sourcecode.c.objc; path = HomeCell.m; sourceTree = "<group>"; };
		5A0B1D381ED9526000179C8C /* HomeHeaderView.h */ = {isa = PBXFileReference; fileEncoding = 4; lastKnownFileType = sourcecode.c.h; path = HomeHeaderView.h; sourceTree = "<group>"; };
		5A0B1D391ED9526000179C8C /* HomeHeaderView.m */ = {isa = PBXFileReference; fileEncoding = 4; lastKnownFileType = sourcecode.c.objc; path = HomeHeaderView.m; sourceTree = "<group>"; };
		5A0B1D3F1ED95AFB00179C8C /* SuggestionController.h */ = {isa = PBXFileReference; fileEncoding = 4; lastKnownFileType = sourcecode.c.h; path = SuggestionController.h; sourceTree = "<group>"; };
		5A0B1D401ED95AFB00179C8C /* SuggestionController.m */ = {isa = PBXFileReference; fileEncoding = 4; lastKnownFileType = sourcecode.c.objc; path = SuggestionController.m; sourceTree = "<group>"; };
		5A0B1D451ED95F7E00179C8C /* ScrollToSwitchView.h */ = {isa = PBXFileReference; fileEncoding = 4; lastKnownFileType = sourcecode.c.h; path = ScrollToSwitchView.h; sourceTree = "<group>"; };
		5A0B1D461ED95F7E00179C8C /* ScrollToSwitchView.m */ = {isa = PBXFileReference; fileEncoding = 4; lastKnownFileType = sourcecode.c.objc; path = ScrollToSwitchView.m; sourceTree = "<group>"; };
		5AEADE981EDE4FC3004EB475 /* ScrollToView.h */ = {isa = PBXFileReference; fileEncoding = 4; lastKnownFileType = sourcecode.c.h; path = ScrollToView.h; sourceTree = "<group>"; };
		5AEADE991EDE4FC3004EB475 /* ScrollToView.m */ = {isa = PBXFileReference; fileEncoding = 4; lastKnownFileType = sourcecode.c.objc; path = ScrollToView.m; sourceTree = "<group>"; };
		5AEADE9F1EDE7040004EB475 /* ToGuaranteeController.h */ = {isa = PBXFileReference; fileEncoding = 4; lastKnownFileType = sourcecode.c.h; path = ToGuaranteeController.h; sourceTree = "<group>"; };
		5AEADEA01EDE7040004EB475 /* ToGuaranteeController.m */ = {isa = PBXFileReference; fileEncoding = 4; lastKnownFileType = sourcecode.c.objc; path = ToGuaranteeController.m; sourceTree = "<group>"; };
		5AEADEA21EDE73C6004EB475 /* WriteGuaranteeView.h */ = {isa = PBXFileReference; fileEncoding = 4; lastKnownFileType = sourcecode.c.h; path = WriteGuaranteeView.h; sourceTree = "<group>"; };
		5AEADEA31EDE73C6004EB475 /* WriteGuaranteeView.m */ = {isa = PBXFileReference; fileEncoding = 4; lastKnownFileType = sourcecode.c.objc; path = WriteGuaranteeView.m; sourceTree = "<group>"; };
		5AEADEA51EDE8FDD004EB475 /* GuaranteeModel.h */ = {isa = PBXFileReference; fileEncoding = 4; lastKnownFileType = sourcecode.c.h; path = GuaranteeModel.h; sourceTree = "<group>"; };
		5AEADEA61EDE8FDD004EB475 /* GuaranteeModel.m */ = {isa = PBXFileReference; fileEncoding = 4; lastKnownFileType = sourcecode.c.objc; path = GuaranteeModel.m; sourceTree = "<group>"; };
		5AEADEAB1EDE97B6004EB475 /* WriteGuaranteeFooterView.h */ = {isa = PBXFileReference; fileEncoding = 4; lastKnownFileType = sourcecode.c.h; path = WriteGuaranteeFooterView.h; sourceTree = "<group>"; };
		5AEADEAC1EDE97B6004EB475 /* WriteGuaranteeFooterView.m */ = {isa = PBXFileReference; fileEncoding = 4; lastKnownFileType = sourcecode.c.objc; path = WriteGuaranteeFooterView.m; sourceTree = "<group>"; };
		5AEADEAE1EDE9C5E004EB475 /* DemandGuaranteeView.h */ = {isa = PBXFileReference; fileEncoding = 4; lastKnownFileType = sourcecode.c.h; path = DemandGuaranteeView.h; sourceTree = "<group>"; };
		5AEADEAF1EDE9C5E004EB475 /* DemandGuaranteeView.m */ = {isa = PBXFileReference; fileEncoding = 4; lastKnownFileType = sourcecode.c.objc; path = DemandGuaranteeView.m; sourceTree = "<group>"; };
		5AEADEB91EDEAEE3004EB475 /* GuaranteeDetailsController.h */ = {isa = PBXFileReference; fileEncoding = 4; lastKnownFileType = sourcecode.c.h; path = GuaranteeDetailsController.h; sourceTree = "<group>"; };
		5AEADEBA1EDEAEE3004EB475 /* GuaranteeDetailsController.m */ = {isa = PBXFileReference; fileEncoding = 4; lastKnownFileType = sourcecode.c.objc; path = GuaranteeDetailsController.m; sourceTree = "<group>"; };
		5AEADEBC1EDEAF38004EB475 /* GuaranteeDetailsView.h */ = {isa = PBXFileReference; fileEncoding = 4; lastKnownFileType = sourcecode.c.h; path = GuaranteeDetailsView.h; sourceTree = "<group>"; };
		5AEADEBD1EDEAF38004EB475 /* GuaranteeDetailsView.m */ = {isa = PBXFileReference; fileEncoding = 4; lastKnownFileType = sourcecode.c.objc; path = GuaranteeDetailsView.m; sourceTree = "<group>"; };
		5AEADEBF1EDEB340004EB475 /* DemandHeaderView.h */ = {isa = PBXFileReference; fileEncoding = 4; lastKnownFileType = sourcecode.c.h; path = DemandHeaderView.h; sourceTree = "<group>"; };
		5AEADEC01EDEB340004EB475 /* DemandHeaderView.m */ = {isa = PBXFileReference; fileEncoding = 4; lastKnownFileType = sourcecode.c.objc; path = DemandHeaderView.m; sourceTree = "<group>"; };
		5AEADEC21EDEB7BF004EB475 /* GuaranteeDetailsHeaderView.h */ = {isa = PBXFileReference; fileEncoding = 4; lastKnownFileType = sourcecode.c.h; path = GuaranteeDetailsHeaderView.h; sourceTree = "<group>"; };
		5AEADEC31EDEB7BF004EB475 /* GuaranteeDetailsHeaderView.m */ = {isa = PBXFileReference; fileEncoding = 4; lastKnownFileType = sourcecode.c.objc; path = GuaranteeDetailsHeaderView.m; sourceTree = "<group>"; };
		5AEADECD1EDEC84B004EB475 /* GuaranteeEstimateController.h */ = {isa = PBXFileReference; fileEncoding = 4; lastKnownFileType = sourcecode.c.h; path = GuaranteeEstimateController.h; sourceTree = "<group>"; };
		5AEADECE1EDEC84B004EB475 /* GuaranteeEstimateController.m */ = {isa = PBXFileReference; fileEncoding = 4; lastKnownFileType = sourcecode.c.objc; path = GuaranteeEstimateController.m; sourceTree = "<group>"; };
		5AEADEF61EDFBD7C004EB475 /* UITextView+Placeholder.h */ = {isa = PBXFileReference; fileEncoding = 4; lastKnownFileType = sourcecode.c.h; path = "UITextView+Placeholder.h"; sourceTree = "<group>"; };
		5AEADEF71EDFBD7C004EB475 /* UITextView+Placeholder.m */ = {isa = PBXFileReference; fileEncoding = 4; lastKnownFileType = sourcecode.c.objc; path = "UITextView+Placeholder.m"; sourceTree = "<group>"; };
		5AEADEF91EDFC15A004EB475 /* UIColor+Extension.h */ = {isa = PBXFileReference; fileEncoding = 4; lastKnownFileType = sourcecode.c.h; path = "UIColor+Extension.h"; sourceTree = "<group>"; };
		5AEADEFA1EDFC15A004EB475 /* UIColor+Extension.m */ = {isa = PBXFileReference; fileEncoding = 4; lastKnownFileType = sourcecode.c.objc; path = "UIColor+Extension.m"; sourceTree = "<group>"; };
		5AEADEFC1EDFD67F004EB475 /* Calculate.h */ = {isa = PBXFileReference; fileEncoding = 4; lastKnownFileType = sourcecode.c.h; path = Calculate.h; sourceTree = "<group>"; };
		5AEADEFD1EDFD67F004EB475 /* Calculate.m */ = {isa = PBXFileReference; fileEncoding = 4; lastKnownFileType = sourcecode.c.objc; path = Calculate.m; sourceTree = "<group>"; };
		5AEADF061EDFEBEE004EB475 /* SurroundingController.h */ = {isa = PBXFileReference; fileEncoding = 4; lastKnownFileType = sourcecode.c.h; path = SurroundingController.h; sourceTree = "<group>"; };
		5AEADF071EDFEBEE004EB475 /* SurroundingController.m */ = {isa = PBXFileReference; fileEncoding = 4; lastKnownFileType = sourcecode.c.objc; path = SurroundingController.m; sourceTree = "<group>"; };
		5AEADF091EE28E21004EB475 /* UIImage+Extension.h */ = {isa = PBXFileReference; fileEncoding = 4; lastKnownFileType = sourcecode.c.h; path = "UIImage+Extension.h"; sourceTree = "<group>"; };
		5AEADF0A1EE28E21004EB475 /* UIImage+Extension.m */ = {isa = PBXFileReference; fileEncoding = 4; lastKnownFileType = sourcecode.c.objc; path = "UIImage+Extension.m"; sourceTree = "<group>"; };
		5AEADF0C1EE2A098004EB475 /* HomeModel.h */ = {isa = PBXFileReference; fileEncoding = 4; lastKnownFileType = sourcecode.c.h; path = HomeModel.h; sourceTree = "<group>"; };
		5AEADF0D1EE2A098004EB475 /* HomeModel.m */ = {isa = PBXFileReference; fileEncoding = 4; lastKnownFileType = sourcecode.c.objc; path = HomeModel.m; sourceTree = "<group>"; };
		5AEADF0F1EE2A2CA004EB475 /* HomeBaseModel.h */ = {isa = PBXFileReference; fileEncoding = 4; lastKnownFileType = sourcecode.c.h; path = HomeBaseModel.h; sourceTree = "<group>"; };
		5AEADF101EE2A2CA004EB475 /* HomeBaseModel.m */ = {isa = PBXFileReference; fileEncoding = 4; lastKnownFileType = sourcecode.c.objc; path = HomeBaseModel.m; sourceTree = "<group>"; };
		5AEADF271EE4E71D004EB475 /* HandleController.h */ = {isa = PBXFileReference; fileEncoding = 4; lastKnownFileType = sourcecode.c.h; path = HandleController.h; sourceTree = "<group>"; };
		5AEADF281EE4E71D004EB475 /* HandleController.m */ = {isa = PBXFileReference; fileEncoding = 4; lastKnownFileType = sourcecode.c.objc; path = HandleController.m; sourceTree = "<group>"; };
		5AEADF2A1EE4E8B8004EB475 /* HandleCell.h */ = {isa = PBXFileReference; fileEncoding = 4; lastKnownFileType = sourcecode.c.h; path = HandleCell.h; sourceTree = "<group>"; };
		5AEADF2B1EE4E8B8004EB475 /* HandleCell.m */ = {isa = PBXFileReference; fileEncoding = 4; lastKnownFileType = sourcecode.c.objc; path = HandleCell.m; sourceTree = "<group>"; };
		5AEADF2D1EE52173004EB475 /* OrderDetailsController.h */ = {isa = PBXFileReference; fileEncoding = 4; lastKnownFileType = sourcecode.c.h; path = OrderDetailsController.h; sourceTree = "<group>"; };
		5AEADF2E1EE52173004EB475 /* OrderDetailsController.m */ = {isa = PBXFileReference; fileEncoding = 4; lastKnownFileType = sourcecode.c.objc; path = OrderDetailsController.m; sourceTree = "<group>"; };
		5AEADF301EE523A1004EB475 /* DetailsView.h */ = {isa = PBXFileReference; fileEncoding = 4; lastKnownFileType = sourcecode.c.h; path = DetailsView.h; sourceTree = "<group>"; };
		5AEADF311EE523A1004EB475 /* DetailsView.m */ = {isa = PBXFileReference; fileEncoding = 4; lastKnownFileType = sourcecode.c.objc; path = DetailsView.m; sourceTree = "<group>"; };
		5AEADF331EE5253A004EB475 /* AssignedPersonnelView.h */ = {isa = PBXFileReference; fileEncoding = 4; lastKnownFileType = sourcecode.c.h; path = AssignedPersonnelView.h; sourceTree = "<group>"; };
		5AEADF341EE5253A004EB475 /* AssignedPersonnelView.m */ = {isa = PBXFileReference; fileEncoding = 4; lastKnownFileType = sourcecode.c.objc; path = AssignedPersonnelView.m; sourceTree = "<group>"; };
		5AEADF361EE5361A004EB475 /* DispatchPersonnelController.h */ = {isa = PBXFileReference; fileEncoding = 4; lastKnownFileType = sourcecode.c.h; path = DispatchPersonnelController.h; sourceTree = "<group>"; };
		5AEADF371EE5361A004EB475 /* DispatchPersonnelController.m */ = {isa = PBXFileReference; fileEncoding = 4; lastKnownFileType = sourcecode.c.objc; path = DispatchPersonnelController.m; sourceTree = "<group>"; };
		5AEADF3B1EE54D1A004EB475 /* EstimateView.h */ = {isa = PBXFileReference; fileEncoding = 4; lastKnownFileType = sourcecode.c.h; path = EstimateView.h; sourceTree = "<group>"; };
		5AEADF3C1EE54D1A004EB475 /* EstimateView.m */ = {isa = PBXFileReference; fileEncoding = 4; lastKnownFileType = sourcecode.c.objc; path = EstimateView.m; sourceTree = "<group>"; };
		5AEADF3E1EE54D49004EB475 /* CJTStarView.h */ = {isa = PBXFileReference; fileEncoding = 4; lastKnownFileType = sourcecode.c.h; path = CJTStarView.h; sourceTree = "<group>"; };
		5AEADF3F1EE54D49004EB475 /* CJTStarView.m */ = {isa = PBXFileReference; fileEncoding = 4; lastKnownFileType = sourcecode.c.objc; path = CJTStarView.m; sourceTree = "<group>"; };
		5AEADF401EE54D49004EB475 /* CJTStarView2.h */ = {isa = PBXFileReference; fileEncoding = 4; lastKnownFileType = sourcecode.c.h; path = CJTStarView2.h; sourceTree = "<group>"; };
		5AEADF411EE54D49004EB475 /* CJTStarView2.m */ = {isa = PBXFileReference; fileEncoding = 4; lastKnownFileType = sourcecode.c.objc; path = CJTStarView2.m; sourceTree = "<group>"; };
		5AEADF441EE54F5B004EB475 /* star--full.png */ = {isa = PBXFileReference; lastKnownFileType = image.png; path = "star--full.png"; sourceTree = "<group>"; };
		5AEADF451EE54F5B004EB475 /* star-empty.png */ = {isa = PBXFileReference; lastKnownFileType = image.png; path = "star-empty.png"; sourceTree = "<group>"; };
		5AEADF461EE54F5B004EB475 /* star-half.png */ = {isa = PBXFileReference; lastKnownFileType = image.png; path = "star-half.png"; sourceTree = "<group>"; };
		5AEADF511EE56194004EB475 /* OptionsView.h */ = {isa = PBXFileReference; fileEncoding = 4; lastKnownFileType = sourcecode.c.h; path = OptionsView.h; sourceTree = "<group>"; };
		5AEADF521EE56194004EB475 /* OptionsView.m */ = {isa = PBXFileReference; fileEncoding = 4; lastKnownFileType = sourcecode.c.objc; path = OptionsView.m; sourceTree = "<group>"; };
		5AEADF581EE63A49004EB475 /* LeaseController.h */ = {isa = PBXFileReference; fileEncoding = 4; lastKnownFileType = sourcecode.c.h; path = LeaseController.h; sourceTree = "<group>"; };
		5AEADF591EE63A49004EB475 /* LeaseController.m */ = {isa = PBXFileReference; fileEncoding = 4; lastKnownFileType = sourcecode.c.objc; path = LeaseController.m; sourceTree = "<group>"; };
		5AEADF5B1EE64199004EB475 /* SearchBar.h */ = {isa = PBXFileReference; fileEncoding = 4; lastKnownFileType = sourcecode.c.h; path = SearchBar.h; sourceTree = "<group>"; };
		5AEADF5C1EE64199004EB475 /* SearchBar.m */ = {isa = PBXFileReference; fileEncoding = 4; lastKnownFileType = sourcecode.c.objc; path = SearchBar.m; sourceTree = "<group>"; };
		5AEADF5E1EE65DDF004EB475 /* LeaseView.h */ = {isa = PBXFileReference; fileEncoding = 4; lastKnownFileType = sourcecode.c.h; path = LeaseView.h; sourceTree = "<group>"; };
		5AEADF5F1EE65DDF004EB475 /* LeaseView.m */ = {isa = PBXFileReference; fileEncoding = 4; lastKnownFileType = sourcecode.c.objc; path = LeaseView.m; sourceTree = "<group>"; };
		5AEADF611EE67456004EB475 /* LeaseDetailsController.h */ = {isa = PBXFileReference; fileEncoding = 4; lastKnownFileType = sourcecode.c.h; path = LeaseDetailsController.h; sourceTree = "<group>"; };
		5AEADF621EE67456004EB475 /* LeaseDetailsController.m */ = {isa = PBXFileReference; fileEncoding = 4; lastKnownFileType = sourcecode.c.objc; path = LeaseDetailsController.m; sourceTree = "<group>"; };
		5AEADF641EE67E89004EB475 /* LeaseDetailsView.h */ = {isa = PBXFileReference; fileEncoding = 4; lastKnownFileType = sourcecode.c.h; path = LeaseDetailsView.h; sourceTree = "<group>"; };
		5AEADF651EE67E89004EB475 /* LeaseDetailsView.m */ = {isa = PBXFileReference; fileEncoding = 4; lastKnownFileType = sourcecode.c.objc; path = LeaseDetailsView.m; sourceTree = "<group>"; };
		5AEADF671EE684C6004EB475 /* NSDate+Extension.h */ = {isa = PBXFileReference; fileEncoding = 4; lastKnownFileType = sourcecode.c.h; path = "NSDate+Extension.h"; sourceTree = "<group>"; };
		5AEADF681EE684C6004EB475 /* NSDate+Extension.m */ = {isa = PBXFileReference; fileEncoding = 4; lastKnownFileType = sourcecode.c.objc; path = "NSDate+Extension.m"; sourceTree = "<group>"; };
		5AEADF6C1EE69229004EB475 /* BLDatePickerView.h */ = {isa = PBXFileReference; fileEncoding = 4; lastKnownFileType = sourcecode.c.h; path = BLDatePickerView.h; sourceTree = "<group>"; };
		5AEADF6D1EE69229004EB475 /* BLDatePickerView.m */ = {isa = PBXFileReference; fileEncoding = 4; lastKnownFileType = sourcecode.c.objc; path = BLDatePickerView.m; sourceTree = "<group>"; };
		5AEADF6F1EE69937004EB475 /* TimeCollectionView.h */ = {isa = PBXFileReference; fileEncoding = 4; lastKnownFileType = sourcecode.c.h; path = TimeCollectionView.h; sourceTree = "<group>"; };
		5AEADF701EE69937004EB475 /* TimeCollectionView.m */ = {isa = PBXFileReference; fileEncoding = 4; lastKnownFileType = sourcecode.c.objc; path = TimeCollectionView.m; sourceTree = "<group>"; };
		5AEADF761EE789BF004EB475 /* LoginController.h */ = {isa = PBXFileReference; fileEncoding = 4; lastKnownFileType = sourcecode.c.h; path = LoginController.h; sourceTree = "<group>"; };
		5AEADF771EE789BF004EB475 /* LoginController.m */ = {isa = PBXFileReference; fileEncoding = 4; lastKnownFileType = sourcecode.c.objc; path = LoginController.m; sourceTree = "<group>"; };
		5AEADF7D1EE7DEE4004EB475 /* MessageController.h */ = {isa = PBXFileReference; fileEncoding = 4; lastKnownFileType = sourcecode.c.h; path = MessageController.h; sourceTree = "<group>"; };
		5AEADF7E1EE7DEE4004EB475 /* MessageController.m */ = {isa = PBXFileReference; fileEncoding = 4; lastKnownFileType = sourcecode.c.objc; path = MessageController.m; sourceTree = "<group>"; };
		5AEADF801EE7F605004EB475 /* MessageCell.h */ = {isa = PBXFileReference; fileEncoding = 4; lastKnownFileType = sourcecode.c.h; path = MessageCell.h; sourceTree = "<group>"; };
		5AEADF811EE7F605004EB475 /* MessageCell.m */ = {isa = PBXFileReference; fileEncoding = 4; lastKnownFileType = sourcecode.c.objc; path = MessageCell.m; sourceTree = "<group>"; };
		5AEADF831EE7FDFA004EB475 /* MessageHeaderView.h */ = {isa = PBXFileReference; fileEncoding = 4; lastKnownFileType = sourcecode.c.h; path = MessageHeaderView.h; sourceTree = "<group>"; };
		5AEADF841EE7FDFA004EB475 /* MessageHeaderView.m */ = {isa = PBXFileReference; fileEncoding = 4; lastKnownFileType = sourcecode.c.objc; path = MessageHeaderView.m; sourceTree = "<group>"; };
		5AEADFB41EEA9B70004EB475 /* WebViewController.h */ = {isa = PBXFileReference; fileEncoding = 4; lastKnownFileType = sourcecode.c.h; path = WebViewController.h; sourceTree = "<group>"; };
		5AEADFB51EEA9B70004EB475 /* WebViewController.m */ = {isa = PBXFileReference; fileEncoding = 4; lastKnownFileType = sourcecode.c.objc; path = WebViewController.m; sourceTree = "<group>"; };
		5AEADFB71EEB8B9E004EB475 /* LoginRegister.h */ = {isa = PBXFileReference; fileEncoding = 4; lastKnownFileType = sourcecode.c.h; path = LoginRegister.h; sourceTree = "<group>"; };
		5AEADFB81EEB8B9E004EB475 /* LoginRegister.m */ = {isa = PBXFileReference; fileEncoding = 4; lastKnownFileType = sourcecode.c.objc; path = LoginRegister.m; sourceTree = "<group>"; };
		5AEADFD81EEE7394004EB475 /* Account.h */ = {isa = PBXFileReference; fileEncoding = 4; lastKnownFileType = sourcecode.c.h; path = Account.h; sourceTree = "<group>"; };
		5AEADFD91EEE7394004EB475 /* Account.m */ = {isa = PBXFileReference; fileEncoding = 4; lastKnownFileType = sourcecode.c.objc; path = Account.m; sourceTree = "<group>"; };
		A47688B1CC7BE83623239DB8 /* Pods-Yuanqu.release.xcconfig */ = {isa = PBXFileReference; includeInIndex = 1; lastKnownFileType = text.xcconfig; name = "Pods-Yuanqu.release.xcconfig"; path = "Pods/Target Support Files/Pods-Yuanqu/Pods-Yuanqu.release.xcconfig"; sourceTree = "<group>"; };
		E5E2FFBBE922A97C8DD52947 /* libPods-Yuanqu.a */ = {isa = PBXFileReference; explicitFileType = archive.ar; includeInIndex = 0; path = "libPods-Yuanqu.a"; sourceTree = BUILT_PRODUCTS_DIR; };
/* End PBXFileReference section */

/* Begin PBXFrameworksBuildPhase section */
		5A0B1CDE1ED6A76A00179C8C /* Frameworks */ = {
			isa = PBXFrameworksBuildPhase;
			buildActionMask = 2147483647;
			files = (
				9F821A8BC81ADE09044ABC37 /* libPods-Yuanqu.a in Frameworks */,
			);
			runOnlyForDeploymentPostprocessing = 0;
		};
/* End PBXFrameworksBuildPhase section */

/* Begin PBXGroup section */
		375F5191A2254547C5154561 /* Frameworks */ = {
			isa = PBXGroup;
			children = (
				E5E2FFBBE922A97C8DD52947 /* libPods-Yuanqu.a */,
			);
			name = Frameworks;
			sourceTree = "<group>";
		};
		5A0B1CD81ED6A76A00179C8C = {
			isa = PBXGroup;
			children = (
				5A0B1CE31ED6A76A00179C8C /* Yuanqu */,
				5A0B1CE21ED6A76A00179C8C /* Products */,
				688D012C67F753117593EB6F /* Pods */,
				375F5191A2254547C5154561 /* Frameworks */,
			);
			sourceTree = "<group>";
		};
		5A0B1CE21ED6A76A00179C8C /* Products */ = {
			isa = PBXGroup;
			children = (
				5A0B1CE11ED6A76A00179C8C /* Yuanqu.app */,
			);
			name = Products;
			sourceTree = "<group>";
		};
		5A0B1CE31ED6A76A00179C8C /* Yuanqu */ = {
			isa = PBXGroup;
			children = (
				5A0B1CE71ED6A76A00179C8C /* AppDelegate.h */,
				5A0B1CE81ED6A76A00179C8C /* AppDelegate.m */,
				5A0B1CFB1ED6B32B00179C8C /* Main */,
				5A0B1D031ED6B38000179C8C /* Home */,
				5A0B1CFF1ED6B38000179C8C /* Business */,
				5A0B1D071ED6B38000179C8C /* Mine */,
				5AEADF721EE789A6004EB475 /* Login */,
				5A0B1CE41ED6A76A00179C8C /* Supporting Files */,
			);
			path = Yuanqu;
			sourceTree = "<group>";
		};
		5A0B1CE41ED6A76A00179C8C /* Supporting Files */ = {
			isa = PBXGroup;
			children = (
				5A0B1CF01ED6A76A00179C8C /* Assets.xcassets */,
				5A0B1CF21ED6A76A00179C8C /* LaunchScreen.storyboard */,
				5A0B1CF51ED6A76A00179C8C /* Info.plist */,
				5A0B1CE51ED6A76A00179C8C /* main.m */,
				5A0B1D0B1ED6BA4C00179C8C /* PrefixHeader.pch */,
				5A0B1D1B1ED6E07A00179C8C /* Define.h */,
			);
			name = "Supporting Files";
			sourceTree = "<group>";
		};
		5A0B1CFB1ED6B32B00179C8C /* Main */ = {
			isa = PBXGroup;
			children = (
				5AEADEF21EDFBB3C004EB475 /* Extension */,
				5A0B1CFC1ED6B32B00179C8C /* Controller */,
				5A0B1CFD1ED6B32B00179C8C /* Model */,
				5A0B1CFE1ED6B32B00179C8C /* View */,
			);
			path = Main;
			sourceTree = "<group>";
		};
		5A0B1CFC1ED6B32B00179C8C /* Controller */ = {
			isa = PBXGroup;
			children = (
				5A0B1D0C1ED6BC5500179C8C /* TabBarController.h */,
				5A0B1D0D1ED6BC5500179C8C /* TabBarController.m */,
				5A0B1D0F1ED6BE8100179C8C /* NavigationController.h */,
				5A0B1D101ED6BE8100179C8C /* NavigationController.m */,
			);
			path = Controller;
			sourceTree = "<group>";
		};
		5A0B1CFD1ED6B32B00179C8C /* Model */ = {
			isa = PBXGroup;
			children = (
				5AEADEFC1EDFD67F004EB475 /* Calculate.h */,
				5AEADEFD1EDFD67F004EB475 /* Calculate.m */,
			);
			path = Model;
			sourceTree = "<group>";
		};
		5A0B1CFE1ED6B32B00179C8C /* View */ = {
			isa = PBXGroup;
			children = (
				5A0B1D291ED9267F00179C8C /* BusinessCollectionView.h */,
				5A0B1D2A1ED9267F00179C8C /* BusinessCollectionView.m */,
				5A0B1D2C1ED929AC00179C8C /* BusinessFlowLayout.h */,
				5A0B1D2D1ED929AC00179C8C /* BusinessFlowLayout.m */,
				5A0B1D2F1ED92BB700179C8C /* BusinessCell.h */,
				5A0B1D301ED92BB700179C8C /* BusinessCell.m */,
				5A0B1D451ED95F7E00179C8C /* ScrollToSwitchView.h */,
				5A0B1D461ED95F7E00179C8C /* ScrollToSwitchView.m */,
				5AEADE981EDE4FC3004EB475 /* ScrollToView.h */,
				5AEADE991EDE4FC3004EB475 /* ScrollToView.m */,
			);
			path = View;
			sourceTree = "<group>";
		};
		5A0B1CFF1ED6B38000179C8C /* Business */ = {
			isa = PBXGroup;
			children = (
				5A0B1D001ED6B38000179C8C /* Controller */,
				5A0B1D011ED6B38000179C8C /* Model */,
				5A0B1D021ED6B38000179C8C /* View */,
			);
			path = Business;
			sourceTree = "<group>";
		};
		5A0B1D001ED6B38000179C8C /* Controller */ = {
			isa = PBXGroup;
			children = (
				5A0B1D261ED8395800179C8C /* BusinessController.h */,
				5A0B1D271ED8395800179C8C /* BusinessController.m */,
				5AEADF231EE4E681004EB475 /* Handle */,
				5AEADEC91EDEC826004EB475 /* GuaranteeEstimate */,
				5AEADEB51EDEAEAF004EB475 /* GuaranteeDetails */,
				5AEADE9B1EDE7022004EB475 /* ToGuarantee */,
				5AEADF4A1EE5540B004EB475 /* Task */,
				5AEADF541EE638A7004EB475 /* Lease */,
			);
			path = Controller;
			sourceTree = "<group>";
		};
		5A0B1D011ED6B38000179C8C /* Model */ = {
			isa = PBXGroup;
			children = (
			);
			path = Model;
			sourceTree = "<group>";
		};
		5A0B1D021ED6B38000179C8C /* View */ = {
			isa = PBXGroup;
			children = (
			);
			path = View;
			sourceTree = "<group>";
		};
		5A0B1D031ED6B38000179C8C /* Home */ = {
			isa = PBXGroup;
			children = (
				5A0B1D041ED6B38000179C8C /* Controller */,
				5A0B1D051ED6B38000179C8C /* Model */,
				5A0B1D061ED6B38000179C8C /* View */,
			);
			path = Home;
			sourceTree = "<group>";
		};
		5A0B1D041ED6B38000179C8C /* Controller */ = {
			isa = PBXGroup;
			children = (
				5A0B1D151ED6C37800179C8C /* HomeController.h */,
				5A0B1D161ED6C37800179C8C /* HomeController.m */,
				5AEADFB01EEA9B56004EB475 /* WebView */,
				5AEADF021EDFEBDC004EB475 /* Surrounding */,
			);
			path = Controller;
			sourceTree = "<group>";
		};
		5A0B1D051ED6B38000179C8C /* Model */ = {
			isa = PBXGroup;
			children = (
				5AEADF0C1EE2A098004EB475 /* HomeModel.h */,
				5AEADF0D1EE2A098004EB475 /* HomeModel.m */,
				5AEADF0F1EE2A2CA004EB475 /* HomeBaseModel.h */,
				5AEADF101EE2A2CA004EB475 /* HomeBaseModel.m */,
			);
			path = Model;
			sourceTree = "<group>";
		};
		5A0B1D061ED6B38000179C8C /* View */ = {
			isa = PBXGroup;
			children = (
				5A0B1D321ED94CD900179C8C /* HomeView.h */,
				5A0B1D331ED94CD900179C8C /* HomeView.m */,
				5A0B1D351ED94E0D00179C8C /* HomeCell.h */,
				5A0B1D361ED94E0E00179C8C /* HomeCell.m */,
				5A0B1D381ED9526000179C8C /* HomeHeaderView.h */,
				5A0B1D391ED9526000179C8C /* HomeHeaderView.m */,
			);
			path = View;
			sourceTree = "<group>";
		};
		5A0B1D071ED6B38000179C8C /* Mine */ = {
			isa = PBXGroup;
			children = (
				5A0B1D081ED6B38000179C8C /* Controller */,
				5A0B1D091ED6B38000179C8C /* Model */,
				5A0B1D0A1ED6B38000179C8C /* View */,
			);
			path = Mine;
			sourceTree = "<group>";
		};
		5A0B1D081ED6B38000179C8C /* Controller */ = {
			isa = PBXGroup;
			children = (
				5A0B1D181ED6DFF000179C8C /* MineController.h */,
				5A0B1D191ED6DFF000179C8C /* MineController.m */,
				5AEADF791EE7DECF004EB475 /* Message */,
				5A0B1D1F1ED80A9800179C8C /* Setting */,
			);
			path = Controller;
			sourceTree = "<group>";
		};
		5A0B1D091ED6B38000179C8C /* Model */ = {
			isa = PBXGroup;
			children = (
			);
			path = Model;
			sourceTree = "<group>";
		};
		5A0B1D0A1ED6B38000179C8C /* View */ = {
			isa = PBXGroup;
			children = (
				5A0B1D1C1ED6E47F00179C8C /* MineHeaderView.h */,
				5A0B1D1D1ED6E47F00179C8C /* MineHeaderView.m */,
			);
			path = View;
			sourceTree = "<group>";
		};
		5A0B1D1F1ED80A9800179C8C /* Setting */ = {
			isa = PBXGroup;
			children = (
				5A0B1D201ED80A9800179C8C /* Controller */,
				5A0B1D211ED80A9800179C8C /* Model */,
				5A0B1D221ED80A9800179C8C /* View */,
			);
			path = Setting;
			sourceTree = "<group>";
		};
		5A0B1D201ED80A9800179C8C /* Controller */ = {
			isa = PBXGroup;
			children = (
				5A0B1D231ED80AB100179C8C /* SettingController.h */,
				5A0B1D241ED80AB100179C8C /* SettingController.m */,
				5A0B1D3B1ED95AD900179C8C /* Suggestion */,
			);
			path = Controller;
			sourceTree = "<group>";
		};
		5A0B1D211ED80A9800179C8C /* Model */ = {
			isa = PBXGroup;
			children = (
			);
			path = Model;
			sourceTree = "<group>";
		};
		5A0B1D221ED80A9800179C8C /* View */ = {
			isa = PBXGroup;
			children = (
			);
			path = View;
			sourceTree = "<group>";
		};
		5A0B1D3B1ED95AD900179C8C /* Suggestion */ = {
			isa = PBXGroup;
			children = (
				5A0B1D3C1ED95AD900179C8C /* Controller */,
				5A0B1D3D1ED95AD900179C8C /* Model */,
				5A0B1D3E1ED95AD900179C8C /* View */,
			);
			path = Suggestion;
			sourceTree = "<group>";
		};
		5A0B1D3C1ED95AD900179C8C /* Controller */ = {
			isa = PBXGroup;
			children = (
				5A0B1D3F1ED95AFB00179C8C /* SuggestionController.h */,
				5A0B1D401ED95AFB00179C8C /* SuggestionController.m */,
			);
			path = Controller;
			sourceTree = "<group>";
		};
		5A0B1D3D1ED95AD900179C8C /* Model */ = {
			isa = PBXGroup;
			children = (
			);
			path = Model;
			sourceTree = "<group>";
		};
		5A0B1D3E1ED95AD900179C8C /* View */ = {
			isa = PBXGroup;
			children = (
			);
			path = View;
			sourceTree = "<group>";
		};
		5AEADE9B1EDE7022004EB475 /* ToGuarantee */ = {
			isa = PBXGroup;
			children = (
				5AEADE9C1EDE7022004EB475 /* Controller */,
				5AEADE9D1EDE7022004EB475 /* Model */,
				5AEADE9E1EDE7022004EB475 /* View */,
			);
			path = ToGuarantee;
			sourceTree = "<group>";
		};
		5AEADE9C1EDE7022004EB475 /* Controller */ = {
			isa = PBXGroup;
			children = (
				5AEADE9F1EDE7040004EB475 /* ToGuaranteeController.h */,
				5AEADEA01EDE7040004EB475 /* ToGuaranteeController.m */,
			);
			path = Controller;
			sourceTree = "<group>";
		};
		5AEADE9D1EDE7022004EB475 /* Model */ = {
			isa = PBXGroup;
			children = (
				5AEADEA51EDE8FDD004EB475 /* GuaranteeModel.h */,
				5AEADEA61EDE8FDD004EB475 /* GuaranteeModel.m */,
			);
			path = Model;
			sourceTree = "<group>";
		};
		5AEADE9E1EDE7022004EB475 /* View */ = {
			isa = PBXGroup;
			children = (
				5AEADEA21EDE73C6004EB475 /* WriteGuaranteeView.h */,
				5AEADEA31EDE73C6004EB475 /* WriteGuaranteeView.m */,
				5AEADEAB1EDE97B6004EB475 /* WriteGuaranteeFooterView.h */,
				5AEADEAC1EDE97B6004EB475 /* WriteGuaranteeFooterView.m */,
				5AEADEAE1EDE9C5E004EB475 /* DemandGuaranteeView.h */,
				5AEADEAF1EDE9C5E004EB475 /* DemandGuaranteeView.m */,
			);
			path = View;
			sourceTree = "<group>";
		};
		5AEADEB51EDEAEAF004EB475 /* GuaranteeDetails */ = {
			isa = PBXGroup;
			children = (
				5AEADEB61EDEAEAF004EB475 /* Controller */,
				5AEADEB71EDEAEAF004EB475 /* Model */,
				5AEADEB81EDEAEAF004EB475 /* View */,
			);
			path = GuaranteeDetails;
			sourceTree = "<group>";
		};
		5AEADEB61EDEAEAF004EB475 /* Controller */ = {
			isa = PBXGroup;
			children = (
				5AEADEB91EDEAEE3004EB475 /* GuaranteeDetailsController.h */,
				5AEADEBA1EDEAEE3004EB475 /* GuaranteeDetailsController.m */,
			);
			path = Controller;
			sourceTree = "<group>";
		};
		5AEADEB71EDEAEAF004EB475 /* Model */ = {
			isa = PBXGroup;
			children = (
			);
			path = Model;
			sourceTree = "<group>";
		};
		5AEADEB81EDEAEAF004EB475 /* View */ = {
			isa = PBXGroup;
			children = (
				5AEADEBC1EDEAF38004EB475 /* GuaranteeDetailsView.h */,
				5AEADEBD1EDEAF38004EB475 /* GuaranteeDetailsView.m */,
				5AEADEBF1EDEB340004EB475 /* DemandHeaderView.h */,
				5AEADEC01EDEB340004EB475 /* DemandHeaderView.m */,
				5AEADEC21EDEB7BF004EB475 /* GuaranteeDetailsHeaderView.h */,
				5AEADEC31EDEB7BF004EB475 /* GuaranteeDetailsHeaderView.m */,
			);
			path = View;
			sourceTree = "<group>";
		};
		5AEADEC91EDEC826004EB475 /* GuaranteeEstimate */ = {
			isa = PBXGroup;
			children = (
				5AEADECA1EDEC826004EB475 /* Controller */,
				5AEADECB1EDEC826004EB475 /* Model */,
				5AEADECC1EDEC826004EB475 /* View */,
			);
			path = GuaranteeEstimate;
			sourceTree = "<group>";
		};
		5AEADECA1EDEC826004EB475 /* Controller */ = {
			isa = PBXGroup;
			children = (
				5AEADECD1EDEC84B004EB475 /* GuaranteeEstimateController.h */,
				5AEADECE1EDEC84B004EB475 /* GuaranteeEstimateController.m */,
			);
			path = Controller;
			sourceTree = "<group>";
		};
		5AEADECB1EDEC826004EB475 /* Model */ = {
			isa = PBXGroup;
			children = (
			);
			path = Model;
			sourceTree = "<group>";
		};
		5AEADECC1EDEC826004EB475 /* View */ = {
			isa = PBXGroup;
			children = (
				5AEADF391EE54D1A004EB475 /* CJTStar */,
				5AEADF3B1EE54D1A004EB475 /* EstimateView.h */,
				5AEADF3C1EE54D1A004EB475 /* EstimateView.m */,
			);
			path = View;
			sourceTree = "<group>";
		};
		5AEADEF21EDFBB3C004EB475 /* Extension */ = {
			isa = PBXGroup;
			children = (
				5AEADF091EE28E21004EB475 /* UIImage+Extension.h */,
				5AEADF0A1EE28E21004EB475 /* UIImage+Extension.m */,
				5AEADEF61EDFBD7C004EB475 /* UITextView+Placeholder.h */,
				5AEADEF71EDFBD7C004EB475 /* UITextView+Placeholder.m */,
				5AEADEF91EDFC15A004EB475 /* UIColor+Extension.h */,
				5AEADEFA1EDFC15A004EB475 /* UIColor+Extension.m */,
				5AEADF671EE684C6004EB475 /* NSDate+Extension.h */,
				5AEADF681EE684C6004EB475 /* NSDate+Extension.m */,
			);
			path = Extension;
			sourceTree = "<group>";
		};
		5AEADF021EDFEBDC004EB475 /* Surrounding */ = {
			isa = PBXGroup;
			children = (
				5AEADF031EDFEBDC004EB475 /* Controller */,
				5AEADF041EDFEBDC004EB475 /* Model */,
				5AEADF051EDFEBDC004EB475 /* View */,
			);
			path = Surrounding;
			sourceTree = "<group>";
		};
		5AEADF031EDFEBDC004EB475 /* Controller */ = {
			isa = PBXGroup;
			children = (
				5AEADF061EDFEBEE004EB475 /* SurroundingController.h */,
				5AEADF071EDFEBEE004EB475 /* SurroundingController.m */,
			);
			path = Controller;
			sourceTree = "<group>";
		};
		5AEADF041EDFEBDC004EB475 /* Model */ = {
			isa = PBXGroup;
			children = (
			);
			path = Model;
			sourceTree = "<group>";
		};
		5AEADF051EDFEBDC004EB475 /* View */ = {
			isa = PBXGroup;
			children = (
			);
			path = View;
			sourceTree = "<group>";
		};
		5AEADF231EE4E681004EB475 /* Handle */ = {
			isa = PBXGroup;
			children = (
				5AEADF241EE4E681004EB475 /* Controller */,
				5AEADF251EE4E681004EB475 /* Model */,
				5AEADF261EE4E681004EB475 /* View */,
			);
			path = Handle;
			sourceTree = "<group>";
		};
		5AEADF241EE4E681004EB475 /* Controller */ = {
			isa = PBXGroup;
			children = (
				5AEADF271EE4E71D004EB475 /* HandleController.h */,
				5AEADF281EE4E71D004EB475 /* HandleController.m */,
				5AEADF2D1EE52173004EB475 /* OrderDetailsController.h */,
				5AEADF2E1EE52173004EB475 /* OrderDetailsController.m */,
				5AEADF361EE5361A004EB475 /* DispatchPersonnelController.h */,
				5AEADF371EE5361A004EB475 /* DispatchPersonnelController.m */,
			);
			path = Controller;
			sourceTree = "<group>";
		};
		5AEADF251EE4E681004EB475 /* Model */ = {
			isa = PBXGroup;
			children = (
			);
			path = Model;
			sourceTree = "<group>";
		};
		5AEADF261EE4E681004EB475 /* View */ = {
			isa = PBXGroup;
			children = (
				5AEADF2A1EE4E8B8004EB475 /* HandleCell.h */,
				5AEADF2B1EE4E8B8004EB475 /* HandleCell.m */,
				5AEADF301EE523A1004EB475 /* DetailsView.h */,
				5AEADF311EE523A1004EB475 /* DetailsView.m */,
				5AEADF331EE5253A004EB475 /* AssignedPersonnelView.h */,
				5AEADF341EE5253A004EB475 /* AssignedPersonnelView.m */,
			);
			path = View;
			sourceTree = "<group>";
		};
		5AEADF391EE54D1A004EB475 /* CJTStar */ = {
			isa = PBXGroup;
			children = (
				5AEADF3E1EE54D49004EB475 /* CJTStarView.h */,
				5AEADF3F1EE54D49004EB475 /* CJTStarView.m */,
				5AEADF401EE54D49004EB475 /* CJTStarView2.h */,
				5AEADF411EE54D49004EB475 /* CJTStarView2.m */,
				5AEADF3A1EE54D1A004EB475 /* CJTStarImage */,
			);
			path = CJTStar;
			sourceTree = "<group>";
		};
		5AEADF3A1EE54D1A004EB475 /* CJTStarImage */ = {
			isa = PBXGroup;
			children = (
				5AEADF441EE54F5B004EB475 /* star--full.png */,
				5AEADF451EE54F5B004EB475 /* star-empty.png */,
				5AEADF461EE54F5B004EB475 /* star-half.png */,
			);
			path = CJTStarImage;
			sourceTree = "<group>";
		};
		5AEADF4A1EE5540B004EB475 /* Task */ = {
			isa = PBXGroup;
			children = (
				5AEADF4B1EE5540B004EB475 /* Controller */,
				5AEADF4C1EE5540B004EB475 /* Model */,
				5AEADF4D1EE5540B004EB475 /* View */,
			);
			path = Task;
			sourceTree = "<group>";
		};
		5AEADF4B1EE5540B004EB475 /* Controller */ = {
			isa = PBXGroup;
			children = (
			);
			path = Controller;
			sourceTree = "<group>";
		};
		5AEADF4C1EE5540B004EB475 /* Model */ = {
			isa = PBXGroup;
			children = (
			);
			path = Model;
			sourceTree = "<group>";
		};
		5AEADF4D1EE5540B004EB475 /* View */ = {
			isa = PBXGroup;
			children = (
				5AEADF511EE56194004EB475 /* OptionsView.h */,
				5AEADF521EE56194004EB475 /* OptionsView.m */,
			);
			path = View;
			sourceTree = "<group>";
		};
		5AEADF541EE638A7004EB475 /* Lease */ = {
			isa = PBXGroup;
			children = (
				5AEADF551EE638A7004EB475 /* Controller */,
				5AEADF561EE638A7004EB475 /* Model */,
				5AEADF571EE638A7004EB475 /* View */,
			);
			path = Lease;
			sourceTree = "<group>";
		};
		5AEADF551EE638A7004EB475 /* Controller */ = {
			isa = PBXGroup;
			children = (
				5AEADF581EE63A49004EB475 /* LeaseController.h */,
				5AEADF591EE63A49004EB475 /* LeaseController.m */,
				5AEADF611EE67456004EB475 /* LeaseDetailsController.h */,
				5AEADF621EE67456004EB475 /* LeaseDetailsController.m */,
			);
			path = Controller;
			sourceTree = "<group>";
		};
		5AEADF561EE638A7004EB475 /* Model */ = {
			isa = PBXGroup;
			children = (
			);
			path = Model;
			sourceTree = "<group>";
		};
		5AEADF571EE638A7004EB475 /* View */ = {
			isa = PBXGroup;
			children = (
				5AEADF6A1EE69229004EB475 /* date */,
				5AEADF5B1EE64199004EB475 /* SearchBar.h */,
				5AEADF5C1EE64199004EB475 /* SearchBar.m */,
				5AEADF5E1EE65DDF004EB475 /* LeaseView.h */,
				5AEADF5F1EE65DDF004EB475 /* LeaseView.m */,
				5AEADF641EE67E89004EB475 /* LeaseDetailsView.h */,
				5AEADF651EE67E89004EB475 /* LeaseDetailsView.m */,
				5AEADF6F1EE69937004EB475 /* TimeCollectionView.h */,
				5AEADF701EE69937004EB475 /* TimeCollectionView.m */,
			);
			path = View;
			sourceTree = "<group>";
		};
		5AEADF6A1EE69229004EB475 /* date */ = {
			isa = PBXGroup;
			children = (
				5AEADF6B1EE69229004EB475 /* BLDatePickerView */,
			);
			path = date;
			sourceTree = "<group>";
		};
		5AEADF6B1EE69229004EB475 /* BLDatePickerView */ = {
			isa = PBXGroup;
			children = (
				5AEADF6C1EE69229004EB475 /* BLDatePickerView.h */,
				5AEADF6D1EE69229004EB475 /* BLDatePickerView.m */,
			);
			path = BLDatePickerView;
			sourceTree = "<group>";
		};
		5AEADF721EE789A6004EB475 /* Login */ = {
			isa = PBXGroup;
			children = (
				5AEADF731EE789A6004EB475 /* Controller */,
				5AEADF741EE789A6004EB475 /* Model */,
				5AEADF751EE789A6004EB475 /* View */,
			);
			path = Login;
			sourceTree = "<group>";
		};
		5AEADF731EE789A6004EB475 /* Controller */ = {
			isa = PBXGroup;
			children = (
				5AEADF761EE789BF004EB475 /* LoginController.h */,
				5AEADF771EE789BF004EB475 /* LoginController.m */,
			);
			path = Controller;
			sourceTree = "<group>";
		};
		5AEADF741EE789A6004EB475 /* Model */ = {
			isa = PBXGroup;
			children = (
				5AEADFB71EEB8B9E004EB475 /* LoginRegister.h */,
				5AEADFB81EEB8B9E004EB475 /* LoginRegister.m */,
				5AEADFD81EEE7394004EB475 /* Account.h */,
				5AEADFD91EEE7394004EB475 /* Account.m */,
			);
			path = Model;
			sourceTree = "<group>";
		};
		5AEADF751EE789A6004EB475 /* View */ = {
			isa = PBXGroup;
			children = (
			);
			path = View;
			sourceTree = "<group>";
		};
		5AEADF791EE7DECF004EB475 /* Message */ = {
			isa = PBXGroup;
			children = (
				5AEADF7A1EE7DECF004EB475 /* Controller */,
				5AEADF7B1EE7DECF004EB475 /* Model */,
				5AEADF7C1EE7DECF004EB475 /* View */,
			);
			path = Message;
			sourceTree = "<group>";
		};
		5AEADF7A1EE7DECF004EB475 /* Controller */ = {
			isa = PBXGroup;
			children = (
				5AEADF7D1EE7DEE4004EB475 /* MessageController.h */,
				5AEADF7E1EE7DEE4004EB475 /* MessageController.m */,
			);
			path = Controller;
			sourceTree = "<group>";
		};
		5AEADF7B1EE7DECF004EB475 /* Model */ = {
			isa = PBXGroup;
			children = (
			);
			path = Model;
			sourceTree = "<group>";
		};
		5AEADF7C1EE7DECF004EB475 /* View */ = {
			isa = PBXGroup;
			children = (
				5AEADF801EE7F605004EB475 /* MessageCell.h */,
				5AEADF811EE7F605004EB475 /* MessageCell.m */,
				5AEADF831EE7FDFA004EB475 /* MessageHeaderView.h */,
				5AEADF841EE7FDFA004EB475 /* MessageHeaderView.m */,
			);
			path = View;
			sourceTree = "<group>";
		};
		5AEADFB01EEA9B56004EB475 /* WebView */ = {
			isa = PBXGroup;
			children = (
				5AEADFB11EEA9B56004EB475 /* Controller */,
				5AEADFB21EEA9B56004EB475 /* Model */,
				5AEADFB31EEA9B56004EB475 /* View */,
			);
			path = WebView;
			sourceTree = "<group>";
		};
		5AEADFB11EEA9B56004EB475 /* Controller */ = {
			isa = PBXGroup;
			children = (
				5AEADFB41EEA9B70004EB475 /* WebViewController.h */,
				5AEADFB51EEA9B70004EB475 /* WebViewController.m */,
			);
			path = Controller;
			sourceTree = "<group>";
		};
		5AEADFB21EEA9B56004EB475 /* Model */ = {
			isa = PBXGroup;
			children = (
			);
			path = Model;
			sourceTree = "<group>";
		};
		5AEADFB31EEA9B56004EB475 /* View */ = {
			isa = PBXGroup;
			children = (
			);
			path = View;
			sourceTree = "<group>";
		};
		688D012C67F753117593EB6F /* Pods */ = {
			isa = PBXGroup;
			children = (
				212B5CD437FD4A9C01410AEF /* Pods-Yuanqu.debug.xcconfig */,
				A47688B1CC7BE83623239DB8 /* Pods-Yuanqu.release.xcconfig */,
			);
			name = Pods;
			sourceTree = "<group>";
		};
/* End PBXGroup section */

/* Begin PBXNativeTarget section */
		5A0B1CE01ED6A76A00179C8C /* Yuanqu */ = {
			isa = PBXNativeTarget;
			buildConfigurationList = 5A0B1CF81ED6A76A00179C8C /* Build configuration list for PBXNativeTarget "Yuanqu" */;
			buildPhases = (
				04C0C03EBA78D3C0545FAE07 /* [CP] Check Pods Manifest.lock */,
				5A0B1CDD1ED6A76A00179C8C /* Sources */,
				5A0B1CDE1ED6A76A00179C8C /* Frameworks */,
				5A0B1CDF1ED6A76A00179C8C /* Resources */,
				EF41EBA1E06DE0AF718CC5A8 /* [CP] Embed Pods Frameworks */,
				8E1F80A25351B8D5F1FB0A84 /* [CP] Copy Pods Resources */,
			);
			buildRules = (
			);
			dependencies = (
			);
			name = Yuanqu;
			productName = Yuanqu;
			productReference = 5A0B1CE11ED6A76A00179C8C /* Yuanqu.app */;
			productType = "com.apple.product-type.application";
		};
/* End PBXNativeTarget section */

/* Begin PBXProject section */
		5A0B1CD91ED6A76A00179C8C /* Project object */ = {
			isa = PBXProject;
			attributes = {
				LastUpgradeCheck = 0830;
				ORGANIZATIONNAME = "李龙";
				TargetAttributes = {
					5A0B1CE01ED6A76A00179C8C = {
						CreatedOnToolsVersion = 8.3.2;
						DevelopmentTeam = Q7WTUP2ETT;
						ProvisioningStyle = Automatic;
					};
				};
			};
			buildConfigurationList = 5A0B1CDC1ED6A76A00179C8C /* Build configuration list for PBXProject "Yuanqu" */;
			compatibilityVersion = "Xcode 3.2";
			developmentRegion = English;
			hasScannedForEncodings = 0;
			knownRegions = (
				en,
				Base,
			);
			mainGroup = 5A0B1CD81ED6A76A00179C8C;
			productRefGroup = 5A0B1CE21ED6A76A00179C8C /* Products */;
			projectDirPath = "";
			projectRoot = "";
			targets = (
				5A0B1CE01ED6A76A00179C8C /* Yuanqu */,
			);
		};
/* End PBXProject section */

/* Begin PBXResourcesBuildPhase section */
		5A0B1CDF1ED6A76A00179C8C /* Resources */ = {
			isa = PBXResourcesBuildPhase;
			buildActionMask = 2147483647;
			files = (
				5A0B1CF41ED6A76A00179C8C /* LaunchScreen.storyboard in Resources */,
				5AEADF491EE54F5B004EB475 /* star-half.png in Resources */,
				5AEADF471EE54F5B004EB475 /* star--full.png in Resources */,
				5A0B1CF11ED6A76A00179C8C /* Assets.xcassets in Resources */,
				5AEADF481EE54F5B004EB475 /* star-empty.png in Resources */,
			);
			runOnlyForDeploymentPostprocessing = 0;
		};
/* End PBXResourcesBuildPhase section */

/* Begin PBXShellScriptBuildPhase section */
		04C0C03EBA78D3C0545FAE07 /* [CP] Check Pods Manifest.lock */ = {
			isa = PBXShellScriptBuildPhase;
			buildActionMask = 2147483647;
			files = (
			);
			inputPaths = (
			);
			name = "[CP] Check Pods Manifest.lock";
			outputPaths = (
			);
			runOnlyForDeploymentPostprocessing = 0;
			shellPath = /bin/sh;
			shellScript = "diff \"${PODS_PODFILE_DIR_PATH}/Podfile.lock\" \"${PODS_ROOT}/Manifest.lock\" > /dev/null\nif [ $? != 0 ] ; then\n    # print error to STDERR\n    echo \"error: The sandbox is not in sync with the Podfile.lock. Run 'pod install' or update your CocoaPods installation.\" >&2\n    exit 1\nfi\n";
			showEnvVarsInLog = 0;
		};
		8E1F80A25351B8D5F1FB0A84 /* [CP] Copy Pods Resources */ = {
			isa = PBXShellScriptBuildPhase;
			buildActionMask = 2147483647;
			files = (
			);
			inputPaths = (
			);
			name = "[CP] Copy Pods Resources";
			outputPaths = (
			);
			runOnlyForDeploymentPostprocessing = 0;
			shellPath = /bin/sh;
			shellScript = "\"${SRCROOT}/Pods/Target Support Files/Pods-Yuanqu/Pods-Yuanqu-resources.sh\"\n";
			showEnvVarsInLog = 0;
		};
		EF41EBA1E06DE0AF718CC5A8 /* [CP] Embed Pods Frameworks */ = {
			isa = PBXShellScriptBuildPhase;
			buildActionMask = 2147483647;
			files = (
			);
			inputPaths = (
			);
			name = "[CP] Embed Pods Frameworks";
			outputPaths = (
			);
			runOnlyForDeploymentPostprocessing = 0;
			shellPath = /bin/sh;
			shellScript = "\"${SRCROOT}/Pods/Target Support Files/Pods-Yuanqu/Pods-Yuanqu-frameworks.sh\"\n";
			showEnvVarsInLog = 0;
		};
/* End PBXShellScriptBuildPhase section */

/* Begin PBXSourcesBuildPhase section */
		5A0B1CDD1ED6A76A00179C8C /* Sources */ = {
			isa = PBXSourcesBuildPhase;
			buildActionMask = 2147483647;
			files = (
				5AEADEC11EDEB340004EB475 /* DemandHeaderView.m in Sources */,
				5AEADF111EE2A2CA004EB475 /* HomeBaseModel.m in Sources */,
				5AEADF421EE54D49004EB475 /* CJTStarView.m in Sources */,
				5AEADFB61EEA9B70004EB475 /* WebViewController.m in Sources */,
				5A0B1D1E1ED6E47F00179C8C /* MineHeaderView.m in Sources */,
				5AEADF5A1EE63A49004EB475 /* LeaseController.m in Sources */,
				5AEADF821EE7F605004EB475 /* MessageCell.m in Sources */,
				5AEADEC41EDEB7BF004EB475 /* GuaranteeDetailsHeaderView.m in Sources */,
				5AEADE9A1EDE4FC3004EB475 /* ScrollToView.m in Sources */,
				5AEADF351EE5253A004EB475 /* AssignedPersonnelView.m in Sources */,
				5AEADF3D1EE54D1A004EB475 /* EstimateView.m in Sources */,
				5AEADF631EE67456004EB475 /* LeaseDetailsController.m in Sources */,
				5AEADF381EE5361A004EB475 /* DispatchPersonnelController.m in Sources */,
				5AEADEFB1EDFC15A004EB475 /* UIColor+Extension.m in Sources */,
				5AEADF601EE65DDF004EB475 /* LeaseView.m in Sources */,
				5A0B1D251ED80AB100179C8C /* SettingController.m in Sources */,
				5A0B1D0E1ED6BC5500179C8C /* TabBarController.m in Sources */,
				5AEADEB01EDE9C5E004EB475 /* DemandGuaranteeView.m in Sources */,
				5A0B1D111ED6BE8100179C8C /* NavigationController.m in Sources */,
				5AEADF781EE789BF004EB475 /* LoginController.m in Sources */,
				5AEADF321EE523A1004EB475 /* DetailsView.m in Sources */,
				5AEADECF1EDEC84B004EB475 /* GuaranteeEstimateController.m in Sources */,
				5AEADEA41EDE73C6004EB475 /* WriteGuaranteeView.m in Sources */,
				5AEADF851EE7FDFA004EB475 /* MessageHeaderView.m in Sources */,
				5AEADF291EE4E71D004EB475 /* HandleController.m in Sources */,
				5A0B1D471ED95F7E00179C8C /* ScrollToSwitchView.m in Sources */,
				5AEADF6E1EE69229004EB475 /* BLDatePickerView.m in Sources */,
				5A0B1CE91ED6A76A00179C8C /* AppDelegate.m in Sources */,
				5A0B1D3A1ED9526000179C8C /* HomeHeaderView.m in Sources */,
				5AEADF431EE54D49004EB475 /* CJTStarView2.m in Sources */,
				5AEADF5D1EE64199004EB475 /* SearchBar.m in Sources */,
				5AEADF0B1EE28E21004EB475 /* UIImage+Extension.m in Sources */,
				5A0B1D311ED92BB700179C8C /* BusinessCell.m in Sources */,
				5AEADFDA1EEE7394004EB475 /* Account.m in Sources */,
				5A0B1D2B1ED9267F00179C8C /* BusinessCollectionView.m in Sources */,
				5A0B1D341ED94CD900179C8C /* HomeView.m in Sources */,
				5A0B1D2E1ED929AC00179C8C /* BusinessFlowLayout.m in Sources */,
				5AEADEA11EDE7040004EB475 /* ToGuaranteeController.m in Sources */,
				5A0B1CE61ED6A76A00179C8C /* main.m in Sources */,
				5AEADF081EDFEBEE004EB475 /* SurroundingController.m in Sources */,
				5AEADF2C1EE4E8B8004EB475 /* HandleCell.m in Sources */,
				5AEADFB91EEB8B9E004EB475 /* LoginRegister.m in Sources */,
				5AEADF7F1EE7DEE4004EB475 /* MessageController.m in Sources */,
				5A0B1D171ED6C37800179C8C /* HomeController.m in Sources */,
				5AEADF661EE67E89004EB475 /* LeaseDetailsView.m in Sources */,
				5AEADEBE1EDEAF38004EB475 /* GuaranteeDetailsView.m in Sources */,
				5A0B1D281ED8395800179C8C /* BusinessController.m in Sources */,
				5A0B1D411ED95AFB00179C8C /* SuggestionController.m in Sources */,
				5AEADF0E1EE2A098004EB475 /* HomeModel.m in Sources */,
				5AEADEA71EDE8FDD004EB475 /* GuaranteeModel.m in Sources */,
				5AEADF531EE56194004EB475 /* OptionsView.m in Sources */,
				5AEADEFE1EDFD67F004EB475 /* Calculate.m in Sources */,
				5AEADF691EE684C6004EB475 /* NSDate+Extension.m in Sources */,
				5AEADF711EE69937004EB475 /* TimeCollectionView.m in Sources */,
				5A0B1D371ED94E0E00179C8C /* HomeCell.m in Sources */,
				5AEADEBB1EDEAEE3004EB475 /* GuaranteeDetailsController.m in Sources */,
				5AEADEAD1EDE97B6004EB475 /* WriteGuaranteeFooterView.m in Sources */,
				5A0B1D1A1ED6DFF000179C8C /* MineController.m in Sources */,
				5AEADEF81EDFBD7C004EB475 /* UITextView+Placeholder.m in Sources */,
				5AEADF2F1EE52173004EB475 /* OrderDetailsController.m in Sources */,
			);
			runOnlyForDeploymentPostprocessing = 0;
		};
/* End PBXSourcesBuildPhase section */

/* Begin PBXVariantGroup section */
		5A0B1CF21ED6A76A00179C8C /* LaunchScreen.storyboard */ = {
			isa = PBXVariantGroup;
			children = (
				5A0B1CF31ED6A76A00179C8C /* Base */,
			);
			name = LaunchScreen.storyboard;
			sourceTree = "<group>";
		};
/* End PBXVariantGroup section */

/* Begin XCBuildConfiguration section */
		5A0B1CF61ED6A76A00179C8C /* Debug */ = {
			isa = XCBuildConfiguration;
			buildSettings = {
				ALWAYS_SEARCH_USER_PATHS = NO;
				CLANG_ANALYZER_NONNULL = YES;
				CLANG_ANALYZER_NUMBER_OBJECT_CONVERSION = YES_AGGRESSIVE;
				CLANG_CXX_LANGUAGE_STANDARD = "gnu++0x";
				CLANG_CXX_LIBRARY = "libc++";
				CLANG_ENABLE_MODULES = YES;
				CLANG_ENABLE_OBJC_ARC = YES;
				CLANG_WARN_BOOL_CONVERSION = YES;
				CLANG_WARN_CONSTANT_CONVERSION = YES;
				CLANG_WARN_DIRECT_OBJC_ISA_USAGE = YES_ERROR;
				CLANG_WARN_DOCUMENTATION_COMMENTS = YES;
				CLANG_WARN_EMPTY_BODY = YES;
				CLANG_WARN_ENUM_CONVERSION = YES;
				CLANG_WARN_INFINITE_RECURSION = YES;
				CLANG_WARN_INT_CONVERSION = YES;
				CLANG_WARN_OBJC_ROOT_CLASS = YES_ERROR;
				CLANG_WARN_SUSPICIOUS_MOVE = YES;
				CLANG_WARN_UNREACHABLE_CODE = YES;
				CLANG_WARN__DUPLICATE_METHOD_MATCH = YES;
				"CODE_SIGN_IDENTITY[sdk=iphoneos*]" = "iPhone Developer";
				COPY_PHASE_STRIP = NO;
				DEBUG_INFORMATION_FORMAT = dwarf;
				ENABLE_STRICT_OBJC_MSGSEND = YES;
				ENABLE_TESTABILITY = YES;
				GCC_C_LANGUAGE_STANDARD = gnu99;
				GCC_DYNAMIC_NO_PIC = NO;
				GCC_NO_COMMON_BLOCKS = YES;
				GCC_OPTIMIZATION_LEVEL = 0;
				GCC_PREPROCESSOR_DEFINITIONS = (
					"DEBUG=1",
					"$(inherited)",
				);
				GCC_WARN_64_TO_32_BIT_CONVERSION = YES;
				GCC_WARN_ABOUT_RETURN_TYPE = YES_ERROR;
				GCC_WARN_UNDECLARED_SELECTOR = YES;
				GCC_WARN_UNINITIALIZED_AUTOS = YES_AGGRESSIVE;
				GCC_WARN_UNUSED_FUNCTION = YES;
				GCC_WARN_UNUSED_VARIABLE = YES;
				IPHONEOS_DEPLOYMENT_TARGET = 10.3;
				MTL_ENABLE_DEBUG_INFO = YES;
				ONLY_ACTIVE_ARCH = YES;
				SDKROOT = iphoneos;
				TARGETED_DEVICE_FAMILY = "1,2";
			};
			name = Debug;
		};
		5A0B1CF71ED6A76A00179C8C /* Release */ = {
			isa = XCBuildConfiguration;
			buildSettings = {
				ALWAYS_SEARCH_USER_PATHS = NO;
				CLANG_ANALYZER_NONNULL = YES;
				CLANG_ANALYZER_NUMBER_OBJECT_CONVERSION = YES_AGGRESSIVE;
				CLANG_CXX_LANGUAGE_STANDARD = "gnu++0x";
				CLANG_CXX_LIBRARY = "libc++";
				CLANG_ENABLE_MODULES = YES;
				CLANG_ENABLE_OBJC_ARC = YES;
				CLANG_WARN_BOOL_CONVERSION = YES;
				CLANG_WARN_CONSTANT_CONVERSION = YES;
				CLANG_WARN_DIRECT_OBJC_ISA_USAGE = YES_ERROR;
				CLANG_WARN_DOCUMENTATION_COMMENTS = YES;
				CLANG_WARN_EMPTY_BODY = YES;
				CLANG_WARN_ENUM_CONVERSION = YES;
				CLANG_WARN_INFINITE_RECURSION = YES;
				CLANG_WARN_INT_CONVERSION = YES;
				CLANG_WARN_OBJC_ROOT_CLASS = YES_ERROR;
				CLANG_WARN_SUSPICIOUS_MOVE = YES;
				CLANG_WARN_UNREACHABLE_CODE = YES;
				CLANG_WARN__DUPLICATE_METHOD_MATCH = YES;
				"CODE_SIGN_IDENTITY[sdk=iphoneos*]" = "iPhone Developer";
				COPY_PHASE_STRIP = NO;
				DEBUG_INFORMATION_FORMAT = "dwarf-with-dsym";
				ENABLE_NS_ASSERTIONS = NO;
				ENABLE_STRICT_OBJC_MSGSEND = YES;
				GCC_C_LANGUAGE_STANDARD = gnu99;
				GCC_NO_COMMON_BLOCKS = YES;
				GCC_WARN_64_TO_32_BIT_CONVERSION = YES;
				GCC_WARN_ABOUT_RETURN_TYPE = YES_ERROR;
				GCC_WARN_UNDECLARED_SELECTOR = YES;
				GCC_WARN_UNINITIALIZED_AUTOS = YES_AGGRESSIVE;
				GCC_WARN_UNUSED_FUNCTION = YES;
				GCC_WARN_UNUSED_VARIABLE = YES;
				IPHONEOS_DEPLOYMENT_TARGET = 10.3;
				MTL_ENABLE_DEBUG_INFO = NO;
				SDKROOT = iphoneos;
				TARGETED_DEVICE_FAMILY = "1,2";
				VALIDATE_PRODUCT = YES;
			};
			name = Release;
		};
		5A0B1CF91ED6A76A00179C8C /* Debug */ = {
			isa = XCBuildConfiguration;
			baseConfigurationReference = 212B5CD437FD4A9C01410AEF /* Pods-Yuanqu.debug.xcconfig */;
			buildSettings = {
				ASSETCATALOG_COMPILER_APPICON_NAME = AppIcon;
				DEVELOPMENT_TEAM = Q7WTUP2ETT;
				GCC_PRECOMPILE_PREFIX_HEADER = YES;
				GCC_PREFIX_HEADER = "$(SRCROOT)/Yuanqu/PrefixHeader.pch";
				INFOPLIST_FILE = Yuanqu/Info.plist;
				IPHONEOS_DEPLOYMENT_TARGET = 8.0;
				LD_RUNPATH_SEARCH_PATHS = "$(inherited) @executable_path/Frameworks";
				PRODUCT_BUNDLE_IDENTIFIER = bozhanwuye.Yuanqu;
				PRODUCT_NAME = "$(TARGET_NAME)";
				TARGETED_DEVICE_FAMILY = "1,2";
			};
			name = Debug;
		};
		5A0B1CFA1ED6A76A00179C8C /* Release */ = {
			isa = XCBuildConfiguration;
			baseConfigurationReference = A47688B1CC7BE83623239DB8 /* Pods-Yuanqu.release.xcconfig */;
			buildSettings = {
				ASSETCATALOG_COMPILER_APPICON_NAME = AppIcon;
				DEVELOPMENT_TEAM = Q7WTUP2ETT;
				GCC_PRECOMPILE_PREFIX_HEADER = YES;
				GCC_PREFIX_HEADER = "$(SRCROOT)/Yuanqu/PrefixHeader.pch";
				INFOPLIST_FILE = Yuanqu/Info.plist;
				IPHONEOS_DEPLOYMENT_TARGET = 8.0;
				LD_RUNPATH_SEARCH_PATHS = "$(inherited) @executable_path/Frameworks";
				PRODUCT_BUNDLE_IDENTIFIER = bozhanwuye.Yuanqu;
				PRODUCT_NAME = "$(TARGET_NAME)";
				TARGETED_DEVICE_FAMILY = "1,2";
			};
			name = Release;
		};
/* End XCBuildConfiguration section */

/* Begin XCConfigurationList section */
		5A0B1CDC1ED6A76A00179C8C /* Build configuration list for PBXProject "Yuanqu" */ = {
			isa = XCConfigurationList;
			buildConfigurations = (
				5A0B1CF61ED6A76A00179C8C /* Debug */,
				5A0B1CF71ED6A76A00179C8C /* Release */,
			);
			defaultConfigurationIsVisible = 0;
			defaultConfigurationName = Release;
		};
		5A0B1CF81ED6A76A00179C8C /* Build configuration list for PBXNativeTarget "Yuanqu" */ = {
			isa = XCConfigurationList;
			buildConfigurations = (
				5A0B1CF91ED6A76A00179C8C /* Debug */,
				5A0B1CFA1ED6A76A00179C8C /* Release */,
			);
			defaultConfigurationIsVisible = 0;
			defaultConfigurationName = Release;
		};
/* End XCConfigurationList section */
	};
	rootObject = 5A0B1CD91ED6A76A00179C8C /* Project object */;
}
